
Microsoft Visual Studio Solution File, Format Version 12.00
# Visual Studio Version 16
VisualStudioVersion = 16.0.31025.194
MinimumVisualStudioVersion = 10.0.40219.1
Project("{FAE04EC0-301F-11D3-BF4B-00C04F79EFBC}") = "QLBenhVien", "QLBenhVien\QLBenhVien.csproj", "{84264C85-5BB1-4F5E-9D9F-35F4A9E49C20}"
EndProject
Global
	GlobalSection(SolutionConfigurationPlatforms) = preSolution
		Debug|Any CPU = Debug|Any CPU
		Release|Any CPU = Release|Any CPU
	EndGlobalSection
	GlobalSection(ProjectConfigurationPlatforms) = postSolution
		{84264C85-5BB1-4F5E-9D9F-35F4A9E49C20}.Debug|Any CPU.ActiveCfg = Debug|Any CPU
		{84264C85-5BB1-4F5E-9D9F-35F4A9E49C20}.Debug|Any CPU.Build.0 = Debug|Any CPU
		{84264C85-5BB1-4F5E-9D9F-35F4A9E49C20}.Release|Any CPU.ActiveCfg = Release|Any CPU
		{84264C85-5BB1-4F5E-9D9F-35F4A9E49C20}.Release|Any CPU.Build.0 = Release|Any CPU
	EndGlobalSection
	GlobalSection(SolutionProperties) = preSolution
		HideSolutionNode = FALSE
	EndGlobalSection
	GlobalSection(ExtensibilityGlobals) = postSolution
		SolutionGuid = {54CB84C2-9BBA-497F-81E0-61347FC58C79}
	EndGlobalSection
EndGlobal
